{
  "object": {
    "pins": [
      {
        "package": "Idioms",
        "repositoryURL": "https://github.com/hectr/swift-idioms.git",
        "state": {
          "branch": null,
          "revision": "6b1f0449fbc1d2e3062a65f2ed73229367ab8c52",
          "version": "2.1.0"
        }
      }
    ]
  },
  "version": 1
}
