{
  "object": {
    "pins": [
      {
        "package": "Idioms",
        "repositoryURL": "https://github.com/hectr/swift-idioms.git",
        "state": {
          "branch": null,
          "revision": "0e473106abd564e07c2448092ef33546a30696b5",
          "version": "1.9.0"
        }
      }
    ]
  },
  "version": 1
}
